{
  "version": "4",
  "specifiers": {
    "jsr:@std/fs@^1.0.4": "1.0.5",
    "jsr:@std/path@^1.0.6": "1.0.7",
    "jsr:@std/path@^1.0.7": "1.0.7",
    "npm:@maverick-js/signals@6.0.0": "6.0.0",
    "npm:ts-blank-space@*": "0.4.1"
  },
  "jsr": {
    "@std/fs@1.0.5": {
      "integrity": "41806ad6823d0b5f275f9849a2640d87e4ef67c51ee1b8fb02426f55e02fd44e",
      "dependencies": [
        "jsr:@std/path@^1.0.7"
      ]
    },
    "@std/path@1.0.7": {
      "integrity": "76a689e07f0e15dcc6002ec39d0866797e7156629212b28f27179b8a5c3b33a1"
    }
  },
  "npm": {
    "@maverick-js/signals@6.0.0": {
      "integrity": "sha512-aPAxQOjxcGaLpjMcfE0mRuMgnCVLfdPSGINYmKDjTbTfY37lZdz9CGnVDrkr+svNSADZbUVk7oPVjXA2+vtxYg=="
    },
    "ts-blank-space@0.4.1": {
      "integrity": "sha512-i0JvTvFaZcXCj+tcs67G0K3zXgUr1ebGvhmuB3ov0ByFrbuvTOgUwtFEOP8dN+B+ou0wkhosJ8Q4RPfi8mHFQQ==",
      "dependencies": [
        "typescript"
      ]
    },
    "typescript@5.6.3": {
      "integrity": "sha512-hjcS1mhfuyi4WW8IWtjP7brDrG2cuDZukyrYrSauoXGNgx0S7zceP07adYkJycEr56BOUTNPzbInooiN3fn1qw=="
    }
  },
  "workspace": {
    "dependencies": [
      "jsr:@std/fs@^1.0.4",
      "jsr:@std/path@^1.0.6",
      "npm:@maverick-js/signals@6.0.0",
      "npm:ts-blank-space@*"
    ]
  }
}
