{
  "version": "4",
  "specifiers": {
    "jsr:@std/fs@^1.0.4": "1.0.6",
    "jsr:@std/path@^1.0.6": "1.0.8",
    "jsr:@std/path@^1.0.8": "1.0.8",
    "npm:ts-blank-space@*": "0.4.1"
  },
  "jsr": {
    "@std/fs@1.0.6": {
      "integrity": "42b56e1e41b75583a21d5a37f6a6a27de9f510bcd36c0c85791d685ca0b85fa2",
      "dependencies": [
        "jsr:@std/path@^1.0.8"
      ]
    },
    "@std/path@1.0.8": {
      "integrity": "548fa456bb6a04d3c1a1e7477986b6cffbce95102d0bb447c67c4ee70e0364be"
    }
  },
  "npm": {
    "ts-blank-space@0.4.1": {
      "integrity": "sha512-i0JvTvFaZcXCj+tcs67G0K3zXgUr1ebGvhmuB3ov0ByFrbuvTOgUwtFEOP8dN+B+ou0wkhosJ8Q4RPfi8mHFQQ==",
      "dependencies": [
        "typescript"
      ]
    },
    "typescript@5.6.3": {
      "integrity": "sha512-hjcS1mhfuyi4WW8IWtjP7brDrG2cuDZukyrYrSauoXGNgx0S7zceP07adYkJycEr56BOUTNPzbInooiN3fn1qw=="
    }
  }
}
