{
  "version": "5",
  "specifiers": {
    "jsr:@std/cli@^1.0.17": "1.0.17",
    "jsr:@std/collections@^1.0.11": "1.0.11",
    "jsr:@std/encoding@^1.0.10": "1.0.10",
    "jsr:@std/fmt@^1.0.7": "1.0.7",
    "jsr:@std/front-matter@1.0.9": "1.0.9",
    "jsr:@std/fs@^1.0.4": "1.0.5",
    "jsr:@std/html@^1.0.3": "1.0.3",
    "jsr:@std/http@^1.0.15": "1.0.15",
    "jsr:@std/media-types@^1.1.0": "1.1.0",
    "jsr:@std/net@^1.0.4": "1.0.4",
    "jsr:@std/path@^1.0.6": "1.0.8",
    "jsr:@std/path@^1.0.7": "1.0.8",
    "jsr:@std/path@^1.0.9": "1.0.9",
    "jsr:@std/streams@^1.0.9": "1.0.9",
    "jsr:@std/toml@^1.0.3": "1.0.5",
    "jsr:@std/yaml@^1.0.5": "1.0.5",
    "npm:micromark-extension-gfm@3.0.0": "3.0.0",
    "npm:micromark@4.0.2": "4.0.2",
    "npm:ts-blank-space@*": "0.4.1"
  },
  "jsr": {
    "@std/cli@1.0.17": {
      "integrity": "e15b9abe629e17be90cc6216327f03a29eae613365f1353837fa749aad29ce7b"
    },
    "@std/collections@1.0.11": {
      "integrity": "2f62cf9587484b1fff364f6c3e1f83478eea53dbb6faed6ffeda92ddb6b172f0"
    },
    "@std/encoding@1.0.10": {
      "integrity": "8783c6384a2d13abd5e9e87a7ae0520a30e9f56aeeaa3bdf910a3eaaf5c811a1"
    },
    "@std/fmt@1.0.7": {
      "integrity": "2a727c043d8df62cd0b819b3fb709b64dd622e42c3b1bb817ea7e6cc606360fb"
    },
    "@std/front-matter@1.0.9": {
      "integrity": "ee6201d06674cbef137dda2252f62477450b48249e7d8d9ab57a30f85ff6f051",
      "dependencies": [
        "jsr:@std/toml",
        "jsr:@std/yaml"
      ]
    },
    "@std/fs@1.0.5": {
      "integrity": "41806ad6823d0b5f275f9849a2640d87e4ef67c51ee1b8fb02426f55e02fd44e",
      "dependencies": [
        "jsr:@std/path@^1.0.7"
      ]
    },
    "@std/html@1.0.3": {
      "integrity": "7a0ac35e050431fb49d44e61c8b8aac1ebd55937e0dc9ec6409aa4bab39a7988"
    },
    "@std/http@1.0.15": {
      "integrity": "435a4934b4e196e82a8233f724da525f7b7112f3566502f28815e94764c19159",
      "dependencies": [
        "jsr:@std/cli",
        "jsr:@std/encoding",
        "jsr:@std/fmt",
        "jsr:@std/html",
        "jsr:@std/media-types",
        "jsr:@std/net",
        "jsr:@std/path@^1.0.9",
        "jsr:@std/streams"
      ]
    },
    "@std/media-types@1.1.0": {
      "integrity": "c9d093f0c05c3512932b330e3cc1fe1d627b301db33a4c2c2185c02471d6eaa4"
    },
    "@std/net@1.0.4": {
      "integrity": "2f403b455ebbccf83d8a027d29c5a9e3a2452fea39bb2da7f2c04af09c8bc852"
    },
    "@std/path@1.0.8": {
      "integrity": "548fa456bb6a04d3c1a1e7477986b6cffbce95102d0bb447c67c4ee70e0364be"
    },
    "@std/path@1.0.9": {
      "integrity": "260a49f11edd3db93dd38350bf9cd1b4d1366afa98e81b86167b4e3dd750129e"
    },
    "@std/streams@1.0.9": {
      "integrity": "a9d26b1988cdd7aa7b1f4b51e1c36c1557f3f252880fa6cc5b9f37078b1a5035"
    },
    "@std/toml@1.0.5": {
      "integrity": "08061156e9c5716443a144b6e40a8668738b8b424ad99ab0b6fdf1b6ea4da806",
      "dependencies": [
        "jsr:@std/collections"
      ]
    },
    "@std/yaml@1.0.5": {
      "integrity": "71ba3d334305ee2149391931508b2c293a8490f94a337eef3a09cade1a2a2742"
    }
  },
  "npm": {
    "@types/debug@4.1.12": {
      "integrity": "sha512-vIChWdVG3LG1SMxEvI/AK+FWJthlrqlTu7fbrlywTkkaONwk/UAGaULXRlf8vkzFBLVm0zkMdCquhL5aOjhXPQ==",
      "dependencies": [
        "@types/ms"
      ]
    },
    "@types/ms@2.1.0": {
      "integrity": "sha512-GsCCIZDE/p3i96vtEqx+7dBUGXrc7zeSK3wwPHIaRThS+9OhWIXRqzs4d6k1SVU8g91DrNRWxWUGhp5KXQb2VA=="
    },
    "character-entities@2.0.2": {
      "integrity": "sha512-shx7oQ0Awen/BRIdkjkvz54PnEEI/EjwXDSIZp86/KKdbafHh1Df/RYGBhn4hbe2+uKC9FnT5UCEdyPz3ai9hQ=="
    },
    "debug@4.4.0": {
      "integrity": "sha512-6WTZ/IxCY/T6BALoZHaE4ctp9xm+Z5kY/pzYaCHRFeyVhojxlrm+46y68HA6hr0TcwEssoxNiDEUJQjfPZ/RYA==",
      "dependencies": [
        "ms"
      ]
    },
    "decode-named-character-reference@1.1.0": {
      "integrity": "sha512-Wy+JTSbFThEOXQIR2L6mxJvEs+veIzpmqD7ynWxMXGpnk3smkHQOp6forLdHsKpAMW9iJpaBBIxz285t1n1C3w==",
      "dependencies": [
        "character-entities"
      ]
    },
    "dequal@2.0.3": {
      "integrity": "sha512-0je+qPKHEMohvfRTCEo3CrPG6cAzAYgmzKyxRiYSSDkS6eGJdyVJm7WaYA5ECaAD9wLB2T4EEeymA5aFVcYXCA=="
    },
    "devlop@1.1.0": {
      "integrity": "sha512-RWmIqhcFf1lRYBvNmr7qTNuyCt/7/ns2jbpp1+PalgE/rDQcBT0fioSMUpJ93irlUhC5hrg4cYqe6U+0ImW0rA==",
      "dependencies": [
        "dequal"
      ]
    },
    "micromark-core-commonmark@2.0.3": {
      "integrity": "sha512-RDBrHEMSxVFLg6xvnXmb1Ayr2WzLAWjeSATAoxwKYJV94TeNavgoIdA0a9ytzDSVzBy2YKFK+emCPOEibLeCrg==",
      "dependencies": [
        "decode-named-character-reference",
        "devlop",
        "micromark-factory-destination",
        "micromark-factory-label",
        "micromark-factory-space",
        "micromark-factory-title",
        "micromark-factory-whitespace",
        "micromark-util-character",
        "micromark-util-chunked",
        "micromark-util-classify-character",
        "micromark-util-html-tag-name",
        "micromark-util-normalize-identifier",
        "micromark-util-resolve-all",
        "micromark-util-subtokenize",
        "micromark-util-symbol",
        "micromark-util-types"
      ]
    },
    "micromark-extension-gfm-autolink-literal@2.1.0": {
      "integrity": "sha512-oOg7knzhicgQ3t4QCjCWgTmfNhvQbDDnJeVu9v81r7NltNCVmhPy1fJRX27pISafdjL+SVc4d3l48Gb6pbRypw==",
      "dependencies": [
        "micromark-util-character",
        "micromark-util-sanitize-uri",
        "micromark-util-symbol",
        "micromark-util-types"
      ]
    },
    "micromark-extension-gfm-footnote@2.1.0": {
      "integrity": "sha512-/yPhxI1ntnDNsiHtzLKYnE3vf9JZ6cAisqVDauhp4CEHxlb4uoOTxOCJ+9s51bIB8U1N1FJ1RXOKTIlD5B/gqw==",
      "dependencies": [
        "devlop",
        "micromark-core-commonmark",
        "micromark-factory-space",
        "micromark-util-character",
        "micromark-util-normalize-identifier",
        "micromark-util-sanitize-uri",
        "micromark-util-symbol",
        "micromark-util-types"
      ]
    },
    "micromark-extension-gfm-strikethrough@2.1.0": {
      "integrity": "sha512-ADVjpOOkjz1hhkZLlBiYA9cR2Anf8F4HqZUO6e5eDcPQd0Txw5fxLzzxnEkSkfnD0wziSGiv7sYhk/ktvbf1uw==",
      "dependencies": [
        "devlop",
        "micromark-util-chunked",
        "micromark-util-classify-character",
        "micromark-util-resolve-all",
        "micromark-util-symbol",
        "micromark-util-types"
      ]
    },
    "micromark-extension-gfm-table@2.1.1": {
      "integrity": "sha512-t2OU/dXXioARrC6yWfJ4hqB7rct14e8f7m0cbI5hUmDyyIlwv5vEtooptH8INkbLzOatzKuVbQmAYcbWoyz6Dg==",
      "dependencies": [
        "devlop",
        "micromark-factory-space",
        "micromark-util-character",
        "micromark-util-symbol",
        "micromark-util-types"
      ]
    },
    "micromark-extension-gfm-tagfilter@2.0.0": {
      "integrity": "sha512-xHlTOmuCSotIA8TW1mDIM6X2O1SiX5P9IuDtqGonFhEK0qgRI4yeC6vMxEV2dgyr2TiD+2PQ10o+cOhdVAcwfg==",
      "dependencies": [
        "micromark-util-types"
      ]
    },
    "micromark-extension-gfm-task-list-item@2.1.0": {
      "integrity": "sha512-qIBZhqxqI6fjLDYFTBIa4eivDMnP+OZqsNwmQ3xNLE4Cxwc+zfQEfbs6tzAo2Hjq+bh6q5F+Z8/cksrLFYWQQw==",
      "dependencies": [
        "devlop",
        "micromark-factory-space",
        "micromark-util-character",
        "micromark-util-symbol",
        "micromark-util-types"
      ]
    },
    "micromark-extension-gfm@3.0.0": {
      "integrity": "sha512-vsKArQsicm7t0z2GugkCKtZehqUm31oeGBV/KVSorWSy8ZlNAv7ytjFhvaryUiCUJYqs+NoE6AFhpQvBTM6Q4w==",
      "dependencies": [
        "micromark-extension-gfm-autolink-literal",
        "micromark-extension-gfm-footnote",
        "micromark-extension-gfm-strikethrough",
        "micromark-extension-gfm-table",
        "micromark-extension-gfm-tagfilter",
        "micromark-extension-gfm-task-list-item",
        "micromark-util-combine-extensions",
        "micromark-util-types"
      ]
    },
    "micromark-factory-destination@2.0.1": {
      "integrity": "sha512-Xe6rDdJlkmbFRExpTOmRj9N3MaWmbAgdpSrBQvCFqhezUn4AHqJHbaEnfbVYYiexVSs//tqOdY/DxhjdCiJnIA==",
      "dependencies": [
        "micromark-util-character",
        "micromark-util-symbol",
        "micromark-util-types"
      ]
    },
    "micromark-factory-label@2.0.1": {
      "integrity": "sha512-VFMekyQExqIW7xIChcXn4ok29YE3rnuyveW3wZQWWqF4Nv9Wk5rgJ99KzPvHjkmPXF93FXIbBp6YdW3t71/7Vg==",
      "dependencies": [
        "devlop",
        "micromark-util-character",
        "micromark-util-symbol",
        "micromark-util-types"
      ]
    },
    "micromark-factory-space@2.0.1": {
      "integrity": "sha512-zRkxjtBxxLd2Sc0d+fbnEunsTj46SWXgXciZmHq0kDYGnck/ZSGj9/wULTV95uoeYiK5hRXP2mJ98Uo4cq/LQg==",
      "dependencies": [
        "micromark-util-character",
        "micromark-util-types"
      ]
    },
    "micromark-factory-title@2.0.1": {
      "integrity": "sha512-5bZ+3CjhAd9eChYTHsjy6TGxpOFSKgKKJPJxr293jTbfry2KDoWkhBb6TcPVB4NmzaPhMs1Frm9AZH7OD4Cjzw==",
      "dependencies": [
        "micromark-factory-space",
        "micromark-util-character",
        "micromark-util-symbol",
        "micromark-util-types"
      ]
    },
    "micromark-factory-whitespace@2.0.1": {
      "integrity": "sha512-Ob0nuZ3PKt/n0hORHyvoD9uZhr+Za8sFoP+OnMcnWK5lngSzALgQYKMr9RJVOWLqQYuyn6ulqGWSXdwf6F80lQ==",
      "dependencies": [
        "micromark-factory-space",
        "micromark-util-character",
        "micromark-util-symbol",
        "micromark-util-types"
      ]
    },
    "micromark-util-character@2.1.1": {
      "integrity": "sha512-wv8tdUTJ3thSFFFJKtpYKOYiGP2+v96Hvk4Tu8KpCAsTMs6yi+nVmGh1syvSCsaxz45J6Jbw+9DD6g97+NV67Q==",
      "dependencies": [
        "micromark-util-symbol",
        "micromark-util-types"
      ]
    },
    "micromark-util-chunked@2.0.1": {
      "integrity": "sha512-QUNFEOPELfmvv+4xiNg2sRYeS/P84pTW0TCgP5zc9FpXetHY0ab7SxKyAQCNCc1eK0459uoLI1y5oO5Vc1dbhA==",
      "dependencies": [
        "micromark-util-symbol"
      ]
    },
    "micromark-util-classify-character@2.0.1": {
      "integrity": "sha512-K0kHzM6afW/MbeWYWLjoHQv1sgg2Q9EccHEDzSkxiP/EaagNzCm7T/WMKZ3rjMbvIpvBiZgwR3dKMygtA4mG1Q==",
      "dependencies": [
        "micromark-util-character",
        "micromark-util-symbol",
        "micromark-util-types"
      ]
    },
    "micromark-util-combine-extensions@2.0.1": {
      "integrity": "sha512-OnAnH8Ujmy59JcyZw8JSbK9cGpdVY44NKgSM7E9Eh7DiLS2E9RNQf0dONaGDzEG9yjEl5hcqeIsj4hfRkLH/Bg==",
      "dependencies": [
        "micromark-util-chunked",
        "micromark-util-types"
      ]
    },
    "micromark-util-decode-numeric-character-reference@2.0.2": {
      "integrity": "sha512-ccUbYk6CwVdkmCQMyr64dXz42EfHGkPQlBj5p7YVGzq8I7CtjXZJrubAYezf7Rp+bjPseiROqe7G6foFd+lEuw==",
      "dependencies": [
        "micromark-util-symbol"
      ]
    },
    "micromark-util-encode@2.0.1": {
      "integrity": "sha512-c3cVx2y4KqUnwopcO9b/SCdo2O67LwJJ/UyqGfbigahfegL9myoEFoDYZgkT7f36T0bLrM9hZTAaAyH+PCAXjw=="
    },
    "micromark-util-html-tag-name@2.0.1": {
      "integrity": "sha512-2cNEiYDhCWKI+Gs9T0Tiysk136SnR13hhO8yW6BGNyhOC4qYFnwF1nKfD3HFAIXA5c45RrIG1ub11GiXeYd1xA=="
    },
    "micromark-util-normalize-identifier@2.0.1": {
      "integrity": "sha512-sxPqmo70LyARJs0w2UclACPUUEqltCkJ6PhKdMIDuJ3gSf/Q+/GIe3WKl0Ijb/GyH9lOpUkRAO2wp0GVkLvS9Q==",
      "dependencies": [
        "micromark-util-symbol"
      ]
    },
    "micromark-util-resolve-all@2.0.1": {
      "integrity": "sha512-VdQyxFWFT2/FGJgwQnJYbe1jjQoNTS4RjglmSjTUlpUMa95Htx9NHeYW4rGDJzbjvCsl9eLjMQwGeElsqmzcHg==",
      "dependencies": [
        "micromark-util-types"
      ]
    },
    "micromark-util-sanitize-uri@2.0.1": {
      "integrity": "sha512-9N9IomZ/YuGGZZmQec1MbgxtlgougxTodVwDzzEouPKo3qFWvymFHWcnDi2vzV1ff6kas9ucW+o3yzJK9YB1AQ==",
      "dependencies": [
        "micromark-util-character",
        "micromark-util-encode",
        "micromark-util-symbol"
      ]
    },
    "micromark-util-subtokenize@2.1.0": {
      "integrity": "sha512-XQLu552iSctvnEcgXw6+Sx75GflAPNED1qx7eBJ+wydBb2KCbRZe+NwvIEEMM83uml1+2WSXpBAcp9IUCgCYWA==",
      "dependencies": [
        "devlop",
        "micromark-util-chunked",
        "micromark-util-symbol",
        "micromark-util-types"
      ]
    },
    "micromark-util-symbol@2.0.1": {
      "integrity": "sha512-vs5t8Apaud9N28kgCrRUdEed4UJ+wWNvicHLPxCa9ENlYuAY31M0ETy5y1vA33YoNPDFTghEbnh6efaE8h4x0Q=="
    },
    "micromark-util-types@2.0.2": {
      "integrity": "sha512-Yw0ECSpJoViF1qTU4DC6NwtC4aWGt1EkzaQB8KPPyCRR8z9TWeV0HbEFGTO+ZY1wB22zmxnJqhPyTpOVCpeHTA=="
    },
    "micromark@4.0.2": {
      "integrity": "sha512-zpe98Q6kvavpCr1NPVSCMebCKfD7CA2NqZ+rykeNhONIJBpc1tFKt9hucLGwha3jNTNI8lHpctWJWoimVF4PfA==",
      "dependencies": [
        "@types/debug",
        "debug",
        "decode-named-character-reference",
        "devlop",
        "micromark-core-commonmark",
        "micromark-factory-space",
        "micromark-util-character",
        "micromark-util-chunked",
        "micromark-util-combine-extensions",
        "micromark-util-decode-numeric-character-reference",
        "micromark-util-encode",
        "micromark-util-normalize-identifier",
        "micromark-util-resolve-all",
        "micromark-util-sanitize-uri",
        "micromark-util-subtokenize",
        "micromark-util-symbol",
        "micromark-util-types"
      ]
    },
    "ms@2.1.3": {
      "integrity": "sha512-6FlzubTLZG3J2a/NVCAleEhjzq5oxgHyaCU9yYXvcLsvoVaHJq/s5xXI6/XXP6tz7R9xAOtHnSO/tXtF3WRTlA=="
    },
    "ts-blank-space@0.4.1": {
      "integrity": "sha512-i0JvTvFaZcXCj+tcs67G0K3zXgUr1ebGvhmuB3ov0ByFrbuvTOgUwtFEOP8dN+B+ou0wkhosJ8Q4RPfi8mHFQQ==",
      "dependencies": [
        "typescript"
      ]
    },
    "typescript@5.6.3": {
      "integrity": "sha512-hjcS1mhfuyi4WW8IWtjP7brDrG2cuDZukyrYrSauoXGNgx0S7zceP07adYkJycEr56BOUTNPzbInooiN3fn1qw==",
      "bin": true
    }
  },
  "redirects": {
    "https://esm.sh/@types/js-yaml@~4.0.9/index.d.mts": "https://esm.sh/@types/js-yaml@4.0.9/index.d.mts",
    "https://esm.sh/ccount@^2.0.0?target=denonext": "https://esm.sh/ccount@2.0.1?target=denonext",
    "https://esm.sh/character-entities@^2.0.0?target=denonext": "https://esm.sh/character-entities@2.0.2?target=denonext",
    "https://esm.sh/decode-named-character-reference@^1.0.0?target=denonext": "https://esm.sh/decode-named-character-reference@1.1.0?target=denonext",
    "https://esm.sh/devlop@^1.0.0?target=denonext": "https://esm.sh/devlop@1.1.0?target=denonext",
    "https://esm.sh/escape-string-regexp@^5.0.0?target=denonext": "https://esm.sh/escape-string-regexp@5.0.0?target=denonext",
    "https://esm.sh/js-yaml@4.1": "https://esm.sh/js-yaml@4.1.0",
    "https://esm.sh/mdast-util-find-and-replace@^3.0.0?target=denonext": "https://esm.sh/mdast-util-find-and-replace@3.0.2?target=denonext",
    "https://esm.sh/micromark-core-commonmark@^2.0.0?target=denonext": "https://esm.sh/micromark-core-commonmark@2.0.3?target=denonext",
    "https://esm.sh/micromark-extension-gfm-autolink-literal@^2.0.0?target=denonext": "https://esm.sh/micromark-extension-gfm-autolink-literal@2.1.0?target=denonext",
    "https://esm.sh/micromark-extension-gfm-footnote@^2.0.0?target=denonext": "https://esm.sh/micromark-extension-gfm-footnote@2.1.0?target=denonext",
    "https://esm.sh/micromark-extension-gfm-strikethrough@^2.0.0?target=denonext": "https://esm.sh/micromark-extension-gfm-strikethrough@2.1.0?target=denonext",
    "https://esm.sh/micromark-extension-gfm-table@^2.0.0?target=denonext": "https://esm.sh/micromark-extension-gfm-table@2.1.1?target=denonext",
    "https://esm.sh/micromark-extension-gfm-tagfilter@^2.0.0?target=denonext": "https://esm.sh/micromark-extension-gfm-tagfilter@2.0.0?target=denonext",
    "https://esm.sh/micromark-extension-gfm-task-list-item@^2.0.0?target=denonext": "https://esm.sh/micromark-extension-gfm-task-list-item@2.1.0?target=denonext",
    "https://esm.sh/micromark-extension-gfm@3?bundle": "https://esm.sh/micromark-extension-gfm@3.0.0?bundle",
    "https://esm.sh/micromark-factory-destination@^2.0.0?target=denonext": "https://esm.sh/micromark-factory-destination@2.0.1?target=denonext",
    "https://esm.sh/micromark-factory-label@^2.0.0?target=denonext": "https://esm.sh/micromark-factory-label@2.0.1?target=denonext",
    "https://esm.sh/micromark-factory-space@^2.0.0?target=denonext": "https://esm.sh/micromark-factory-space@2.0.1?target=denonext",
    "https://esm.sh/micromark-factory-title@^2.0.0?target=denonext": "https://esm.sh/micromark-factory-title@2.0.1?target=denonext",
    "https://esm.sh/micromark-factory-whitespace@^2.0.0?target=denonext": "https://esm.sh/micromark-factory-whitespace@2.0.1?target=denonext",
    "https://esm.sh/micromark-util-character@^2.0.0?target=denone": "https://esm.sh/micromark-util-character@2.1.1?target=denone",
    "https://esm.sh/micromark-util-character@^2.0.0?target=denonext": "https://esm.sh/micromark-util-character@2.1.1?target=denonext",
    "https://esm.sh/micromark-util-chunked@^2.0.0?target=denonext": "https://esm.sh/micromark-util-chunked@2.0.1?target=denonext",
    "https://esm.sh/micromark-util-classify-character@^2.0.0?target=denonext": "https://esm.sh/micromark-util-classify-character@2.0.1?target=denonext",
    "https://esm.sh/micromark-util-combine-extensions@^2.0.0?target=denonext": "https://esm.sh/micromark-util-combine-extensions@2.0.1?target=denonext",
    "https://esm.sh/micromark-util-decode-numeric-character-reference@^2.0.0?target=denonext": "https://esm.sh/micromark-util-decode-numeric-character-reference@2.0.2?target=denonext",
    "https://esm.sh/micromark-util-encode@^2.0.0?target=denonext": "https://esm.sh/micromark-util-encode@2.0.1?target=denonext",
    "https://esm.sh/micromark-util-html-tag-name@^2.0.0?target=denonext": "https://esm.sh/micromark-util-html-tag-name@2.0.1?target=denonext",
    "https://esm.sh/micromark-util-normalize-identifier@^2.0.0?target=denonext": "https://esm.sh/micromark-util-normalize-identifier@2.0.1?target=denonext",
    "https://esm.sh/micromark-util-resolve-all@^2.0.0?target=denonext": "https://esm.sh/micromark-util-resolve-all@2.0.1?target=denonext",
    "https://esm.sh/micromark-util-sanitize-uri@^2.0.0?target=denonext": "https://esm.sh/micromark-util-sanitize-uri@2.0.1?target=denonext",
    "https://esm.sh/micromark-util-subtokenize@^2.0.0?target=denonext": "https://esm.sh/micromark-util-subtokenize@2.1.0?target=denonext",
    "https://esm.sh/micromark@3?bundle": "https://esm.sh/micromark@3.2.0?bundle",
    "https://esm.sh/unist-util-is@^6.0.0?target=denonext": "https://esm.sh/unist-util-is@6.0.0?target=denonext",
    "https://esm.sh/unist-util-visit-parents@^6.0.0?target=denonext": "https://esm.sh/unist-util-visit-parents@6.0.1?target=denonext"
  },
  "remote": {
    "https://esm.sh/ccount@2.0.1/denonext/ccount.mjs": "7fe48d2ae8ff72ce3162121cac5fa108e5febc672129de4fcbbd5bb11091d8c5",
    "https://esm.sh/ccount@2.0.1?target=denonext": "3b0153e7a5ced17185d70cad41045eb5b4069ee662715ec8d2cbd9ed48ac139d",
    "https://esm.sh/character-entities@2.0.2/denonext/character-entities.mjs": "d15396c2d78022cb26a289c75ee1fb7aaa556334bb24ff7b1ca3634a2770c4ef",
    "https://esm.sh/character-entities@2.0.2?target=denonext": "2d10b2ddc9c8e2977f63c2906c25adb68ed7e9bea396059d011463aa067149b9",
    "https://esm.sh/decode-named-character-reference@1.1.0/denonext/decode-named-character-reference.mjs": "f07d863e476b49bb78dfc918cf24eb479f53934cf567bb79dd7710229f650484",
    "https://esm.sh/decode-named-character-reference@1.1.0?target=denonext": "891b5a1ec7cdaf06e5ebee0814e33fb931ece81e0d0434512d9d9937932ff496",
    "https://esm.sh/devlop@1.1.0/denonext/devlop.mjs": "c510d1d2f0a44e17c6658ab69e0e93264c5652fcd2f230e528470248c24047e6",
    "https://esm.sh/devlop@1.1.0?target=denonext": "e8f34c5946b08720b9d8f089248ef5c6c81481e07ca3bba5d551f92400e5a474",
    "https://esm.sh/escape-string-regexp@5.0.0/denonext/escape-string-regexp.mjs": "e7e83223aeadce014afec3437ad9eb2c38d4fd583d55e48934f3325834e7388e",
    "https://esm.sh/escape-string-regexp@5.0.0?target=denonext": "a04bd35da97b7bb95120eb6923dcd64751185568d333fa6a64a1ca0be2b4feac",
    "https://esm.sh/js-yaml@4.1.0": "bcf0af0b249d1550f4a6fdc5fba54691b569921c14f13899c65986fb2f3a3cfb",
    "https://esm.sh/js-yaml@4.1.0/denonext/js-yaml.mjs": "1cc38528423b4256f579e319405b2b6a621470b39386dadd9159b3d59df403d7",
    "https://esm.sh/mdast-util-find-and-replace@3.0.2/denonext/mdast-util-find-and-replace.mjs": "62f870c04e7057b035726f84c528684ba28f19c2100c9adf40dd523282323133",
    "https://esm.sh/mdast-util-find-and-replace@3.0.2?target=denonext": "b336fbe701983244677c8d2eb46c5b1be1b2fb8e5fccd3035c469cc830b5583e",
    "https://esm.sh/micromark-core-commonmark@2.0.3/denonext/micromark-core-commonmark.mjs": "672c110ff674d54beacf859caaccb66ad776316eeed024b5c1c86ed896c66cdf",
    "https://esm.sh/micromark-core-commonmark@2.0.3?target=denonext": "72b4814f8a2c3152170ad0c01310b275e3d52650ff9399d3401a251881076608",
    "https://esm.sh/micromark-extension-gfm-autolink-literal@2.1.0/denonext/micromark-extension-gfm-autolink-literal.mjs": "0c8b3e9e68ee7598f088a2be628775fbb8bed9afc52c39aa5d4c2ebd5b4e40cd",
    "https://esm.sh/micromark-extension-gfm-autolink-literal@2.1.0?target=denonext": "31db71906e7c62291ff44bad18f1d1dcd7ee30fb903576a25c5b8aabccf9ee91",
    "https://esm.sh/micromark-extension-gfm-footnote@2.1.0/denonext/micromark-extension-gfm-footnote.mjs": "56c5ca1da179f7d471a8e2e0db6c2f301eb828cb44e274ffea52002be702a81a",
    "https://esm.sh/micromark-extension-gfm-footnote@2.1.0?target=denonext": "4c35674269184844e2c3f1a5a22a1b641d79287abdb7377cf455d729fe6c751c",
    "https://esm.sh/micromark-extension-gfm-strikethrough@2.1.0/denonext/micromark-extension-gfm-strikethrough.mjs": "6145b26e3f3f4a6a31959dd31f0901a2832edb5807e3d4025e47bd608953c4b9",
    "https://esm.sh/micromark-extension-gfm-strikethrough@2.1.0?target=denonext": "5a359a22cd78aefbed670f8f206988dc23d78c746268b61b9501a0fc51951cd4",
    "https://esm.sh/micromark-extension-gfm-table@2.1.1/denonext/micromark-extension-gfm-table.mjs": "b72389302e4e53dbcea9e800f37416f3d6d69d85229a33428b737caa211e2a57",
    "https://esm.sh/micromark-extension-gfm-table@2.1.1?target=denonext": "a49d13a63cb41982fffe16a10fe9d870d2ae97ed080ce88e2693d51d4b84960d",
    "https://esm.sh/micromark-extension-gfm-tagfilter@2.0.0/denonext/micromark-extension-gfm-tagfilter.mjs": "e57d9be10a48d24a75025759977ebe78a246a90864059df64450fced10cfe70f",
    "https://esm.sh/micromark-extension-gfm-tagfilter@2.0.0?target=denonext": "efe16cf969d8cd7e272b91f3625431ca6822d6767e0681420555d4f501d8b022",
    "https://esm.sh/micromark-extension-gfm-task-list-item@2.1.0/denonext/micromark-extension-gfm-task-list-item.mjs": "18cb23fc96edf22d1a10f787a727188c3a4dc16a8d6bc060ab4d89e985c4cf18",
    "https://esm.sh/micromark-extension-gfm-task-list-item@2.1.0?target=denonext": "587bee1b66afad210e7b0ea609b4b8e4a72488c16acc3098909a9e40e148a00d",
    "https://esm.sh/micromark-extension-gfm@3.0.0": "09156741a87b1019d660a4d53288a9c90c48e196342608a62c956b8f5835ea7e",
    "https://esm.sh/micromark-extension-gfm@3.0.0/denonext/micromark-extension-gfm.bundle.mjs": "7c4de44dae19cda1835d0b6ff4e3f50b20f6eaa494cf9f22b087d1f6daa18d9e",
    "https://esm.sh/micromark-extension-gfm@3.0.0/denonext/micromark-extension-gfm.mjs": "4d7571c8a69927b647266b33e9601a6396ec26c6dc346a7218607cbb3b64df4c",
    "https://esm.sh/micromark-extension-gfm@3.0.0?bundle": "e0079fc47e362585d0f266245ec891df46bf3be0cf726926f719ba576677ba75",
    "https://esm.sh/micromark-factory-destination@2.0.1/denonext/micromark-factory-destination.mjs": "02e9933a1b99e5ca4bddb92658a310fbb9c6eade47e3c6e0d9c9ec2b0b6b1503",
    "https://esm.sh/micromark-factory-destination@2.0.1?target=denonext": "20f6c02cb016930493fd90ead45cf9907af1e23cc31ac0666bd9d1f012392db2",
    "https://esm.sh/micromark-factory-label@2.0.1/denonext/micromark-factory-label.mjs": "932e00402dd441f65871fe07a500722c8384475949606d74aa34d6e9d1affaed",
    "https://esm.sh/micromark-factory-label@2.0.1?target=denonext": "36d5ecce5715456ef6df4b6df41f6afbd4664e88ebc938e3b968398e7a131873",
    "https://esm.sh/micromark-factory-space@2.0.1/denonext/micromark-factory-space.mjs": "629330f72ac17c306c0a96fa8585564983a555acce6123dc5a19b4168844b3dc",
    "https://esm.sh/micromark-factory-space@2.0.1?target=denonext": "534110c835418f7734d5a95c0b3d17a3407cc7ad185b29f614debd0fc764a273",
    "https://esm.sh/micromark-factory-title@2.0.1/denonext/micromark-factory-title.mjs": "54836826d7b01f9df3eb879e28723e68cc651ff6ee1209e0d330fad7d9e2a1c9",
    "https://esm.sh/micromark-factory-title@2.0.1?target=denonext": "89b698c68705321d42bb80f1de290de3eb5f47e75256abcd918c9307baac052e",
    "https://esm.sh/micromark-factory-whitespace@2.0.1/denonext/micromark-factory-whitespace.mjs": "97e209d227ab5374ae9693f83386efa99374acd94f9fbfd1460423e1b5d201da",
    "https://esm.sh/micromark-factory-whitespace@2.0.1?target=denonext": "31d15afad988724c6364cea162fd3693bccb899b03d5df916377981a7577f175",
    "https://esm.sh/micromark-util-character@2.1.1/denonext/micromark-util-character.mjs": "f906588cf18dd5385e3eec4f0a2fba64c4e76fd8b646209b65011a386bc04d00",
    "https://esm.sh/micromark-util-character@2.1.1?target=denone": "e445c6bc3be10c82ccc5d79255b50683c22903f7c3cad535cda227b9325530ff",
    "https://esm.sh/micromark-util-character@2.1.1?target=denonext": "e445c6bc3be10c82ccc5d79255b50683c22903f7c3cad535cda227b9325530ff",
    "https://esm.sh/micromark-util-chunked@2.0.1/denonext/micromark-util-chunked.mjs": "1bf94c0d563ca1ec32d5ec293c5d99145865678ff0bdf8e96804a84d591b3691",
    "https://esm.sh/micromark-util-chunked@2.0.1?target=denonext": "6647a0b1b1cfd638fd3a1fa272d2828d9989e5d78e0ef986572b72f5a3185b45",
    "https://esm.sh/micromark-util-classify-character@2.0.1/denonext/micromark-util-classify-character.mjs": "d9e1f27ac78b50280e193cb0916205ef09b10a525d454de4ed62b32887795da6",
    "https://esm.sh/micromark-util-classify-character@2.0.1?target=denonext": "5091803eac11e1066ee40e203056cbb98e6f935f9913016c35e29bb4a9bede0a",
    "https://esm.sh/micromark-util-combine-extensions@2.0.1/denonext/micromark-util-combine-extensions.mjs": "390e174b64b38891ec66fb33c8abd147e88a537995464d876ba3273ad00d0288",
    "https://esm.sh/micromark-util-combine-extensions@2.0.1?target=denonext": "2efbd7613fad4a46ea11f1dcad11b4026d9b83928f8189f39949cabc725211d4",
    "https://esm.sh/micromark-util-decode-numeric-character-reference@2.0.2/denonext/micromark-util-decode-numeric-character-reference.mjs": "a0ad32383214578b5e535e342d616437e03e70221edd0a311ae65ee4b3564c53",
    "https://esm.sh/micromark-util-decode-numeric-character-reference@2.0.2?target=denonext": "4913b8680d6ed01be5b15ee66ef9e01c70e29758bd07d776b5fc6e24a2189195",
    "https://esm.sh/micromark-util-encode@2.0.1/denonext/micromark-util-encode.mjs": "fba5f874b451986181d4e9948ef8c9baba3b4f5120ec3579ea56f76877df4cb4",
    "https://esm.sh/micromark-util-encode@2.0.1?target=denonext": "fc0f1c8fc2cad5e6edc2157f7faf3c0a59a73aeb49e03f8ccddd9a478c8f1ad8",
    "https://esm.sh/micromark-util-html-tag-name@2.0.1/denonext/micromark-util-html-tag-name.mjs": "a71b054204ce74dc2eb87bb8f9b9fdfa2154efde7a95223853dd8fffc44977b7",
    "https://esm.sh/micromark-util-html-tag-name@2.0.1?target=denonext": "7d3b4f82d036e0333fb31cd34182e40b9425f3202e7e50054654c7bdadfaadc1",
    "https://esm.sh/micromark-util-normalize-identifier@2.0.1/denonext/micromark-util-normalize-identifier.mjs": "c8ca3b1cb2fc123195b6b3dfa2f7f313f5287ec1c890a636950bbb3f13bf18c9",
    "https://esm.sh/micromark-util-normalize-identifier@2.0.1?target=denonext": "e9582a4c88f1d000a6881cd50b4ebc1e523719ca1bd30bf2c7b5ed9e57d0c72b",
    "https://esm.sh/micromark-util-resolve-all@2.0.1/denonext/micromark-util-resolve-all.mjs": "553a992e0b3875bbfcdb41299f024878cbf726f264dff46db7a6c20e1908c6f0",
    "https://esm.sh/micromark-util-resolve-all@2.0.1?target=denonext": "dcc380222d422919d39858699d6b27e9c902828dfd58c9e6c4c32933496d2c9d",
    "https://esm.sh/micromark-util-sanitize-uri@2.0.1/denonext/micromark-util-sanitize-uri.mjs": "cf55ce70c5cc1379955116bf7ad8ae6a317078a47d48c44c69742358c81e1220",
    "https://esm.sh/micromark-util-sanitize-uri@2.0.1?target=denonext": "14ec4f9c3a39e97707e89dd16cb7cf975387ea75442d319b308417b7f6abd74c",
    "https://esm.sh/micromark-util-subtokenize@2.1.0/denonext/micromark-util-subtokenize.mjs": "43a653234a9f01479e063051f1e6237cd98d31c08aaf8fdf8fff82689bffdbed",
    "https://esm.sh/micromark-util-subtokenize@2.1.0?target=denonext": "9260b377186fe70f3d07f902245736b0eb3bee21500abbaa5d7152453e5faf59",
    "https://esm.sh/micromark@3.2.0/denonext/micromark.bundle.mjs": "c3f78a80564ce1f1805757006cbda5a59a2b111b29307b04ec21b21bf7a7a151",
    "https://esm.sh/micromark@3.2.0?bundle": "f68caf6adeb2558ca86c685ac61681886348608e62db07eb1cb9e4689a1e15f7",
    "https://esm.sh/micromark@4.0.2": "b3012311265a68f11418c31073bdedf455b001a9f835615a0635258e36087305",
    "https://esm.sh/micromark@4.0.2/denonext/lib/compile.mjs": "de179ea8d69051838e67a7401330ee6385f995796c5c2407f66cfc41c72e1a33",
    "https://esm.sh/micromark@4.0.2/denonext/lib/parse.mjs": "5b1195b93c1c798d07b2c37c5501ab8302b07c981de2502da5de96c193852a71",
    "https://esm.sh/micromark@4.0.2/denonext/lib/postprocess.mjs": "888ee21a24ccca485159179ac8f423da81a820355d5b1a0216a7def7dd49309b",
    "https://esm.sh/micromark@4.0.2/denonext/lib/preprocess.mjs": "eb3ca8178876c8bdda0c56b0191aedf59b9822de983d051bfbe6e02e6c4f2c0d",
    "https://esm.sh/micromark@4.0.2/denonext/micromark.mjs": "d6a301df31742731490de7931fe6bc1d42dde369e2f3b58e685b09c1905b04b4",
    "https://esm.sh/unist-util-is@6.0.0/denonext/unist-util-is.mjs": "bbc00c612fd8daa022e50a0061856c52be17e0caa699dffa1e7b83b3bbe7b9f2",
    "https://esm.sh/unist-util-is@6.0.0?target=denonext": "7ac7092e893f27ed8edacb142d04dcc37169fdcfaa2ae8833a51fb9762d5e41f",
    "https://esm.sh/unist-util-visit-parents@6.0.1/denonext/do-not-use-color.mjs": "94b57609e52050f8d615ab3d096a2efb7183053a494dee89f9af2fe6c8fb9f0b",
    "https://esm.sh/unist-util-visit-parents@6.0.1/denonext/unist-util-visit-parents.mjs": "8a147d91f7a2850549a66368715bbc7c4f057d5985c8606406cd39a1970d3b06",
    "https://esm.sh/unist-util-visit-parents@6.0.1?target=denonext": "d34dfd64dfda160231fe9a0dbf994475b1d5194b2874d9c3309593e942f85ae8"
  }
}
